
Microsoft Visual Studio Solution File, Format Version 12.00
# Visual Studio Version 16
VisualStudioVersion = 16.0.31025.194
MinimumVisualStudioVersion = 10.0.40219.1
Project("{FAE04EC0-301F-11D3-BF4B-00C04F79EFBC}") = "CameraDesription", "CameraDesription.csproj", "{6B83087B-96D5-403E-8002-5B3065F40DB1}"
EndProject
Global
	GlobalSection(SolutionConfigurationPlatforms) = preSolution
		Debug|Any CPU = Debug|Any CPU
		Release|Any CPU = Release|Any CPU
	EndGlobalSection
	GlobalSection(ProjectConfigurationPlatforms) = postSolution
		{6B83087B-96D5-403E-8002-5B3065F40DB1}.Debug|Any CPU.ActiveCfg = Debug|Any CPU
		{6B83087B-96D5-403E-8002-5B3065F40DB1}.Debug|Any CPU.Build.0 = Debug|Any CPU
		{6B83087B-96D5-403E-8002-5B3065F40DB1}.Release|Any CPU.ActiveCfg = Release|Any CPU
		{6B83087B-96D5-403E-8002-5B3065F40DB1}.Release|Any CPU.Build.0 = Release|Any CPU
	EndGlobalSection
	GlobalSection(SolutionProperties) = preSolution
		HideSolutionNode = FALSE
	EndGlobalSection
	GlobalSection(ExtensibilityGlobals) = postSolution
		SolutionGuid = {C1DD30F7-804D-4A99-953C-937AA43759A6}
	EndGlobalSection
EndGlobal
